
Microsoft Visual Studio Solution File, Format Version 12.00
# Visual Studio 15
VisualStudioVersion = 15.0.26730.16
MinimumVisualStudioVersion = 10.0.40219.1
Project("{FAE04EC0-301F-11D3-BF4B-00C04F79EFBC}") = "Kalkulator", "Kalkulator\Kalkulator.csproj", "{402B1F28-ACC0-4516-82C9-E73279A34E39}"
EndProject
Global
	GlobalSection(SolutionConfigurationPlatforms) = preSolution
		Debug|Any CPU = Debug|Any CPU
		Release|Any CPU = Release|Any CPU
	EndGlobalSection
	GlobalSection(ProjectConfigurationPlatforms) = postSolution
		{402B1F28-ACC0-4516-82C9-E73279A34E39}.Debug|Any CPU.ActiveCfg = Debug|Any CPU
		{402B1F28-ACC0-4516-82C9-E73279A34E39}.Debug|Any CPU.Build.0 = Debug|Any CPU
		{402B1F28-ACC0-4516-82C9-E73279A34E39}.Release|Any CPU.ActiveCfg = Release|Any CPU
		{402B1F28-ACC0-4516-82C9-E73279A34E39}.Release|Any CPU.Build.0 = Release|Any CPU
	EndGlobalSection
	GlobalSection(SolutionProperties) = preSolution
		HideSolutionNode = FALSE
	EndGlobalSection
	GlobalSection(ExtensibilityGlobals) = postSolution
		SolutionGuid = {FC3D5F0E-0F00-4AC7-B3C6-A5359C492D30}
	EndGlobalSection
EndGlobal
